
Microsoft Visual Studio Solution File, Format Version 12.00
# Visual Studio Express 2012 for Windows Desktop
Project("{FAE04EC0-301F-11D3-BF4B-00C04F79EFBC}") = "CQ_NETMF_LEDMATRIXAF", "CQ_NETMF_LEDMATRIXAF.csproj", "{B0F5C214-9D2F-44DF-B1CF-661E2236CB87}"
EndProject
Global
	GlobalSection(SolutionConfigurationPlatforms) = preSolution
		Debug|Any CPU = Debug|Any CPU
		Release|Any CPU = Release|Any CPU
	EndGlobalSection
	GlobalSection(ProjectConfigurationPlatforms) = postSolution
		{B0F5C214-9D2F-44DF-B1CF-661E2236CB87}.Debug|Any CPU.ActiveCfg = Debug|Any CPU
		{B0F5C214-9D2F-44DF-B1CF-661E2236CB87}.Debug|Any CPU.Build.0 = Debug|Any CPU
		{B0F5C214-9D2F-44DF-B1CF-661E2236CB87}.Release|Any CPU.ActiveCfg = Release|Any CPU
		{B0F5C214-9D2F-44DF-B1CF-661E2236CB87}.Release|Any CPU.Build.0 = Release|Any CPU
	EndGlobalSection
	GlobalSection(SolutionProperties) = preSolution
		HideSolutionNode = FALSE
	EndGlobalSection
EndGlobal
